
Microsoft Visual Studio Solution File, Format Version 12.00
# Visual Studio Version 17
VisualStudioVersion = 17.0.32126.317
MinimumVisualStudioVersion = 10.0.40219.1
Project("{FAE04EC0-301F-11D3-BF4B-00C04F79EFBC}") = "QRCodeApp", "QRCodeApp\QRCodeApp.csproj", "{74EC510D-7C62-44B1-A9CD-FD66952CFB26}"
EndProject
Global
	GlobalSection(SolutionConfigurationPlatforms) = preSolution
		Debug|Any CPU = Debug|Any CPU
		Release|Any CPU = Release|Any CPU
	EndGlobalSection
	GlobalSection(ProjectConfigurationPlatforms) = postSolution
		{74EC510D-7C62-44B1-A9CD-FD66952CFB26}.Debug|Any CPU.ActiveCfg = Debug|Any CPU
		{74EC510D-7C62-44B1-A9CD-FD66952CFB26}.Debug|Any CPU.Build.0 = Debug|Any CPU
		{74EC510D-7C62-44B1-A9CD-FD66952CFB26}.Release|Any CPU.ActiveCfg = Release|Any CPU
		{74EC510D-7C62-44B1-A9CD-FD66952CFB26}.Release|Any CPU.Build.0 = Release|Any CPU
	EndGlobalSection
	GlobalSection(SolutionProperties) = preSolution
		HideSolutionNode = FALSE
	EndGlobalSection
	GlobalSection(ExtensibilityGlobals) = postSolution
		SolutionGuid = {458C146F-5A52-420A-A9C5-9CAB7B3B49D5}
	EndGlobalSection
EndGlobal
